
Microsoft Visual Studio Solution File, Format Version 12.00
# Visual Studio 14
VisualStudioVersion = 14.0.23107.0
MinimumVisualStudioVersion = 10.0.40219.1
Project("{8BC9CEB8-8B4A-11D0-8D11-00A0C91BC942}") = "CumulocityRegisterDevice", "CumulocityRegisterDevice.vcxproj", "{641B0FEB-094D-4FBC-8018-A48BC5A932EA}"
EndProject
Project("{8BC9CEB8-8B4A-11D0-8D11-00A0C91BC942}") = "SIM900", "..\SIM900\SIM900.vcxproj", "{EAEC8CDC-A7FC-4527-ADC2-D6FCAEA1C6BF}"
EndProject
Global
	GlobalSection(SolutionConfigurationPlatforms) = preSolution
		Debug|x64 = Debug|x64
		Debug|x86 = Debug|x86
		Release|x64 = Release|x64
		Release|x86 = Release|x86
	EndGlobalSection
	GlobalSection(ProjectConfigurationPlatforms) = postSolution
		{641B0FEB-094D-4FBC-8018-A48BC5A932EA}.Debug|x64.ActiveCfg = Debug|x64
		{641B0FEB-094D-4FBC-8018-A48BC5A932EA}.Debug|x64.Build.0 = Debug|x64
		{641B0FEB-094D-4FBC-8018-A48BC5A932EA}.Debug|x86.ActiveCfg = Debug|Win32
		{641B0FEB-094D-4FBC-8018-A48BC5A932EA}.Debug|x86.Build.0 = Debug|Win32
		{641B0FEB-094D-4FBC-8018-A48BC5A932EA}.Release|x64.ActiveCfg = Release|x64
		{641B0FEB-094D-4FBC-8018-A48BC5A932EA}.Release|x64.Build.0 = Release|x64
		{641B0FEB-094D-4FBC-8018-A48BC5A932EA}.Release|x86.ActiveCfg = Release|Win32
		{641B0FEB-094D-4FBC-8018-A48BC5A932EA}.Release|x86.Build.0 = Release|Win32
		{EAEC8CDC-A7FC-4527-ADC2-D6FCAEA1C6BF}.Debug|x64.ActiveCfg = Debug|x64
		{EAEC8CDC-A7FC-4527-ADC2-D6FCAEA1C6BF}.Debug|x64.Build.0 = Debug|x64
		{EAEC8CDC-A7FC-4527-ADC2-D6FCAEA1C6BF}.Debug|x86.ActiveCfg = Debug|Win32
		{EAEC8CDC-A7FC-4527-ADC2-D6FCAEA1C6BF}.Debug|x86.Build.0 = Debug|Win32
		{EAEC8CDC-A7FC-4527-ADC2-D6FCAEA1C6BF}.Release|x64.ActiveCfg = Release|x64
		{EAEC8CDC-A7FC-4527-ADC2-D6FCAEA1C6BF}.Release|x64.Build.0 = Release|x64
		{EAEC8CDC-A7FC-4527-ADC2-D6FCAEA1C6BF}.Release|x86.ActiveCfg = Release|Win32
		{EAEC8CDC-A7FC-4527-ADC2-D6FCAEA1C6BF}.Release|x86.Build.0 = Release|Win32
	EndGlobalSection
	GlobalSection(SolutionProperties) = preSolution
		HideSolutionNode = FALSE
	EndGlobalSection
EndGlobal
